// !$*UTF8*$!
{
	archiveVersion = 1;
	classes = {
	};
	objectVersion = 55;
	objects = {

/* Begin PBXBuildFile section */
		458AD41C27CFE32E002BFB02 /* MyAssetsApp.swift in Sources */ = {isa = PBXBuildFile; fileRef = 458AD41B27CFE32E002BFB02 /* MyAssetsApp.swift */; };
		458AD41E27CFE32E002BFB02 /* ContentView.swift in Sources */ = {isa = PBXBuildFile; fileRef = 458AD41D27CFE32E002BFB02 /* ContentView.swift */; };
		458AD42027CFE330002BFB02 /* Assets.xcassets in Resources */ = {isa = PBXBuildFile; fileRef = 458AD41F27CFE330002BFB02 /* Assets.xcassets */; };
		458AD42327CFE330002BFB02 /* Preview Assets.xcassets in Resources */ = {isa = PBXBuildFile; fileRef = 458AD42227CFE330002BFB02 /* Preview Assets.xcassets */; };
		458AD42A27D0C1ED002BFB02 /* NavigationBarWithButton.swift in Sources */ = {isa = PBXBuildFile; fileRef = 458AD42927D0C1ED002BFB02 /* NavigationBarWithButton.swift */; };
		458AD42C27D128D6002BFB02 /* AssetMenu.swift in Sources */ = {isa = PBXBuildFile; fileRef = 458AD42B27D128D6002BFB02 /* AssetMenu.swift */; };
		458AD42E27D1D22E002BFB02 /* AssetMenuButtonStyle.swift in Sources */ = {isa = PBXBuildFile; fileRef = 458AD42D27D1D22E002BFB02 /* AssetMenuButtonStyle.swift */; };
		458AD43027D1D6C9002BFB02 /* AssetMenuGridView.swift in Sources */ = {isa = PBXBuildFile; fileRef = 458AD42F27D1D6C9002BFB02 /* AssetMenuGridView.swift */; };
		458AD43227D1D868002BFB02 /* AssetView.swift in Sources */ = {isa = PBXBuildFile; fileRef = 458AD43127D1D868002BFB02 /* AssetView.swift */; };
		458AD43427D1DAEC002BFB02 /* AssetBanner.swift in Sources */ = {isa = PBXBuildFile; fileRef = 458AD43327D1DAEC002BFB02 /* AssetBanner.swift */; };
		458AD43727D1DDA1002BFB02 /* BannerCard.swift in Sources */ = {isa = PBXBuildFile; fileRef = 458AD43627D1DDA1002BFB02 /* BannerCard.swift */; };
		458AD43A27D1EAE1002BFB02 /* PageViewController.swift in Sources */ = {isa = PBXBuildFile; fileRef = 458AD43927D1EAE1002BFB02 /* PageViewController.swift */; };
		458AD43C27D1F0E4002BFB02 /* PageControl.swift in Sources */ = {isa = PBXBuildFile; fileRef = 458AD43B27D1F0E4002BFB02 /* PageControl.swift */; };
		458AD43E27D1FDC4002BFB02 /* AssetBannerView.swift in Sources */ = {isa = PBXBuildFile; fileRef = 458AD43D27D1FDC4002BFB02 /* AssetBannerView.swift */; };
		458AD44127D2046E002BFB02 /* assets.json in Resources */ = {isa = PBXBuildFile; fileRef = 458AD44027D2046E002BFB02 /* assets.json */; };
		458AD44327D204B6002BFB02 /* Asset.swift in Sources */ = {isa = PBXBuildFile; fileRef = 458AD44227D204B6002BFB02 /* Asset.swift */; };
		458AD44527D205DE002BFB02 /* AssetSummaryData.swift in Sources */ = {isa = PBXBuildFile; fileRef = 458AD44427D205DE002BFB02 /* AssetSummaryData.swift */; };
		458AD44727D2078E002BFB02 /* AssetSectionHeaderView.swift in Sources */ = {isa = PBXBuildFile; fileRef = 458AD44627D2078E002BFB02 /* AssetSectionHeaderView.swift */; };
		458AD44927D208E7002BFB02 /* AssetSectionView.swift in Sources */ = {isa = PBXBuildFile; fileRef = 458AD44827D208E7002BFB02 /* AssetSectionView.swift */; };
		458AD45327DF3A42002BFB02 /* AssetSummaryView.swift in Sources */ = {isa = PBXBuildFile; fileRef = 458AD45227DF3A42002BFB02 /* AssetSummaryView.swift */; };
		458AD45627E09629002BFB02 /* TabMenuView.swift in Sources */ = {isa = PBXBuildFile; fileRef = 458AD45527E09629002BFB02 /* TabMenuView.swift */; };
		458AD45827E099A9002BFB02 /* AssetCardSectionView.swift in Sources */ = {isa = PBXBuildFile; fileRef = 458AD45727E099A9002BFB02 /* AssetCardSectionView.swift */; };
/* End PBXBuildFile section */

/* Begin PBXFileReference section */
		458AD41827CFE32E002BFB02 /* MyAssets.app */ = {isa = PBXFileReference; explicitFileType = wrapper.application; includeInIndex = 0; path = MyAssets.app; sourceTree = BUILT_PRODUCTS_DIR; };
		458AD41B27CFE32E002BFB02 /* MyAssetsApp.swift */ = {isa = PBXFileReference; lastKnownFileType = sourcecode.swift; path = MyAssetsApp.swift; sourceTree = "<group>"; };
		458AD41D27CFE32E002BFB02 /* ContentView.swift */ = {isa = PBXFileReference; lastKnownFileType = sourcecode.swift; path = ContentView.swift; sourceTree = "<group>"; };
		458AD41F27CFE330002BFB02 /* Assets.xcassets */ = {isa = PBXFileReference; lastKnownFileType = folder.assetcatalog; path = Assets.xcassets; sourceTree = "<group>"; };
		458AD42227CFE330002BFB02 /* Preview Assets.xcassets */ = {isa = PBXFileReference; lastKnownFileType = folder.assetcatalog; path = "Preview Assets.xcassets"; sourceTree = "<group>"; };
		458AD42927D0C1ED002BFB02 /* NavigationBarWithButton.swift */ = {isa = PBXFileReference; lastKnownFileType = sourcecode.swift; path = NavigationBarWithButton.swift; sourceTree = "<group>"; };
		458AD42B27D128D6002BFB02 /* AssetMenu.swift */ = {isa = PBXFileReference; lastKnownFileType = sourcecode.swift; path = AssetMenu.swift; sourceTree = "<group>"; };
		458AD42D27D1D22E002BFB02 /* AssetMenuButtonStyle.swift */ = {isa = PBXFileReference; lastKnownFileType = sourcecode.swift; path = AssetMenuButtonStyle.swift; sourceTree = "<group>"; };
		458AD42F27D1D6C9002BFB02 /* AssetMenuGridView.swift */ = {isa = PBXFileReference; lastKnownFileType = sourcecode.swift; path = AssetMenuGridView.swift; sourceTree = "<group>"; };
		458AD43127D1D868002BFB02 /* AssetView.swift */ = {isa = PBXFileReference; lastKnownFileType = sourcecode.swift; path = AssetView.swift; sourceTree = "<group>"; };
		458AD43327D1DAEC002BFB02 /* AssetBanner.swift */ = {isa = PBXFileReference; lastKnownFileType = sourcecode.swift; path = AssetBanner.swift; sourceTree = "<group>"; };
		458AD43627D1DDA1002BFB02 /* BannerCard.swift */ = {isa = PBXFileReference; lastKnownFileType = sourcecode.swift; path = BannerCard.swift; sourceTree = "<group>"; };
		458AD43927D1EAE1002BFB02 /* PageViewController.swift */ = {isa = PBXFileReference; lastKnownFileType = sourcecode.swift; path = PageViewController.swift; sourceTree = "<group>"; };
		458AD43B27D1F0E4002BFB02 /* PageControl.swift */ = {isa = PBXFileReference; lastKnownFileType = sourcecode.swift; path = PageControl.swift; sourceTree = "<group>"; };
		458AD43D27D1FDC4002BFB02 /* AssetBannerView.swift */ = {isa = PBXFileReference; lastKnownFileType = sourcecode.swift; path = AssetBannerView.swift; sourceTree = "<group>"; };
		458AD44027D2046E002BFB02 /* assets.json */ = {isa = PBXFileReference; fileEncoding = 4; lastKnownFileType = text.json; path = assets.json; sourceTree = "<group>"; };
		458AD44227D204B6002BFB02 /* Asset.swift */ = {isa = PBXFileReference; lastKnownFileType = sourcecode.swift; path = Asset.swift; sourceTree = "<group>"; };
		458AD44427D205DE002BFB02 /* AssetSummaryData.swift */ = {isa = PBXFileReference; lastKnownFileType = sourcecode.swift; path = AssetSummaryData.swift; sourceTree = "<group>"; };
		458AD44627D2078E002BFB02 /* AssetSectionHeaderView.swift */ = {isa = PBXFileReference; lastKnownFileType = sourcecode.swift; path = AssetSectionHeaderView.swift; sourceTree = "<group>"; };
		458AD44827D208E7002BFB02 /* AssetSectionView.swift */ = {isa = PBXFileReference; lastKnownFileType = sourcecode.swift; path = AssetSectionView.swift; sourceTree = "<group>"; };
		458AD45227DF3A42002BFB02 /* AssetSummaryView.swift */ = {isa = PBXFileReference; lastKnownFileType = sourcecode.swift; path = AssetSummaryView.swift; sourceTree = "<group>"; };
		458AD45527E09629002BFB02 /* TabMenuView.swift */ = {isa = PBXFileReference; lastKnownFileType = sourcecode.swift; path = TabMenuView.swift; sourceTree = "<group>"; };
		458AD45727E099A9002BFB02 /* AssetCardSectionView.swift */ = {isa = PBXFileReference; lastKnownFileType = sourcecode.swift; path = AssetCardSectionView.swift; sourceTree = "<group>"; };
/* End PBXFileReference section */

/* Begin PBXFrameworksBuildPhase section */
		458AD41527CFE32E002BFB02 /* Frameworks */ = {
			isa = PBXFrameworksBuildPhase;
			buildActionMask = 2147483647;
			files = (
			);
			runOnlyForDeploymentPostprocessing = 0;
		};
/* End PBXFrameworksBuildPhase section */

/* Begin PBXGroup section */
		458AD40F27CFE32E002BFB02 = {
			isa = PBXGroup;
			children = (
				458AD41A27CFE32E002BFB02 /* MyAssets */,
				458AD41927CFE32E002BFB02 /* Products */,
			);
			sourceTree = "<group>";
		};
		458AD41927CFE32E002BFB02 /* Products */ = {
			isa = PBXGroup;
			children = (
				458AD41827CFE32E002BFB02 /* MyAssets.app */,
			);
			name = Products;
			sourceTree = "<group>";
		};
		458AD41A27CFE32E002BFB02 /* MyAssets */ = {
			isa = PBXGroup;
			children = (
				458AD44027D2046E002BFB02 /* assets.json */,
				458AD41B27CFE32E002BFB02 /* MyAssetsApp.swift */,
				458AD41D27CFE32E002BFB02 /* ContentView.swift */,
				458AD43127D1D868002BFB02 /* AssetView.swift */,
				458AD41F27CFE330002BFB02 /* Assets.xcassets */,
				458AD42127CFE330002BFB02 /* Preview Content */,
				458AD42927D0C1ED002BFB02 /* NavigationBarWithButton.swift */,
				458AD43527D1DAFB002BFB02 /* Entities */,
				458AD45427DF3BF3002BFB02 /* AssetSummaryView */,
				458AD43827D1DDC1002BFB02 /* AssetMenu */,
				458AD43F27D1FDE0002BFB02 /* AssetBannerView */,
			);
			path = MyAssets;
			sourceTree = "<group>";
		};
		458AD42127CFE330002BFB02 /* Preview Content */ = {
			isa = PBXGroup;
			children = (
				458AD42227CFE330002BFB02 /* Preview Assets.xcassets */,
			);
			path = "Preview Content";
			sourceTree = "<group>";
		};
		458AD43527D1DAFB002BFB02 /* Entities */ = {
			isa = PBXGroup;
			children = (
				458AD44227D204B6002BFB02 /* Asset.swift */,
				458AD42B27D128D6002BFB02 /* AssetMenu.swift */,
				458AD43327D1DAEC002BFB02 /* AssetBanner.swift */,
			);
			path = Entities;
			sourceTree = "<group>";
		};
		458AD43827D1DDC1002BFB02 /* AssetMenu */ = {
			isa = PBXGroup;
			children = (
				458AD42D27D1D22E002BFB02 /* AssetMenuButtonStyle.swift */,
				458AD42F27D1D6C9002BFB02 /* AssetMenuGridView.swift */,
			);
			path = AssetMenu;
			sourceTree = "<group>";
		};
		458AD43F27D1FDE0002BFB02 /* AssetBannerView */ = {
			isa = PBXGroup;
			children = (
				458AD43627D1DDA1002BFB02 /* BannerCard.swift */,
				458AD43927D1EAE1002BFB02 /* PageViewController.swift */,
				458AD43B27D1F0E4002BFB02 /* PageControl.swift */,
				458AD43D27D1FDC4002BFB02 /* AssetBannerView.swift */,
			);
			path = AssetBannerView;
			sourceTree = "<group>";
		};
		458AD45427DF3BF3002BFB02 /* AssetSummaryView */ = {
			isa = PBXGroup;
			children = (
				458AD44427D205DE002BFB02 /* AssetSummaryData.swift */,
				458AD44627D2078E002BFB02 /* AssetSectionHeaderView.swift */,
				458AD44827D208E7002BFB02 /* AssetSectionView.swift */,
				458AD45227DF3A42002BFB02 /* AssetSummaryView.swift */,
				458AD45527E09629002BFB02 /* TabMenuView.swift */,
				458AD45727E099A9002BFB02 /* AssetCardSectionView.swift */,
			);
			name = AssetSummaryView;
			sourceTree = "<group>";
		};
/* End PBXGroup section */

/* Begin PBXNativeTarget section */
		458AD41727CFE32E002BFB02 /* MyAssets */ = {
			isa = PBXNativeTarget;
			buildConfigurationList = 458AD42627CFE330002BFB02 /* Build configuration list for PBXNativeTarget "MyAssets" */;
			buildPhases = (
				458AD41427CFE32E002BFB02 /* Sources */,
				458AD41527CFE32E002BFB02 /* Frameworks */,
				458AD41627CFE32E002BFB02 /* Resources */,
			);
			buildRules = (
			);
			dependencies = (
			);
			name = MyAssets;
			productName = MyAssets;
			productReference = 458AD41827CFE32E002BFB02 /* MyAssets.app */;
			productType = "com.apple.product-type.application";
		};
/* End PBXNativeTarget section */

/* Begin PBXProject section */
		458AD41027CFE32E002BFB02 /* Project object */ = {
			isa = PBXProject;
			attributes = {
				BuildIndependentTargetsInParallel = 1;
				LastSwiftUpdateCheck = 1320;
				LastUpgradeCheck = 1320;
				TargetAttributes = {
					458AD41727CFE32E002BFB02 = {
						CreatedOnToolsVersion = 13.2.1;
					};
				};
			};
			buildConfigurationList = 458AD41327CFE32E002BFB02 /* Build configuration list for PBXProject "MyAssets" */;
			compatibilityVersion = "Xcode 13.0";
			developmentRegion = en;
			hasScannedForEncodings = 0;
			knownRegions = (
				en,
				Base,
			);
			mainGroup = 458AD40F27CFE32E002BFB02;
			productRefGroup = 458AD41927CFE32E002BFB02 /* Products */;
			projectDirPath = "";
			projectRoot = "";
			targets = (
				458AD41727CFE32E002BFB02 /* MyAssets */,
			);
		};
/* End PBXProject section */

/* Begin PBXResourcesBuildPhase section */
		458AD41627CFE32E002BFB02 /* Resources */ = {
			isa = PBXResourcesBuildPhase;
			buildActionMask = 2147483647;
			files = (
				458AD44127D2046E002BFB02 /* assets.json in Resources */,
				458AD42327CFE330002BFB02 /* Preview Assets.xcassets in Resources */,
				458AD42027CFE330002BFB02 /* Assets.xcassets in Resources */,
			);
			runOnlyForDeploymentPostprocessing = 0;
		};
/* End PBXResourcesBuildPhase section */

/* Begin PBXSourcesBuildPhase section */
		458AD41427CFE32E002BFB02 /* Sources */ = {
			isa = PBXSourcesBuildPhase;
			buildActionMask = 2147483647;
			files = (
				458AD43027D1D6C9002BFB02 /* AssetMenuGridView.swift in Sources */,
				458AD44927D208E7002BFB02 /* AssetSectionView.swift in Sources */,
				458AD44327D204B6002BFB02 /* Asset.swift in Sources */,
				458AD43A27D1EAE1002BFB02 /* PageViewController.swift in Sources */,
				458AD44527D205DE002BFB02 /* AssetSummaryData.swift in Sources */,
				458AD44727D2078E002BFB02 /* AssetSectionHeaderView.swift in Sources */,
				458AD45327DF3A42002BFB02 /* AssetSummaryView.swift in Sources */,
				458AD42A27D0C1ED002BFB02 /* NavigationBarWithButton.swift in Sources */,
				458AD43427D1DAEC002BFB02 /* AssetBanner.swift in Sources */,
				458AD43227D1D868002BFB02 /* AssetView.swift in Sources */,
				458AD41E27CFE32E002BFB02 /* ContentView.swift in Sources */,
				458AD45627E09629002BFB02 /* TabMenuView.swift in Sources */,
				458AD41C27CFE32E002BFB02 /* MyAssetsApp.swift in Sources */,
				458AD42C27D128D6002BFB02 /* AssetMenu.swift in Sources */,
				458AD43C27D1F0E4002BFB02 /* PageControl.swift in Sources */,
				458AD43E27D1FDC4002BFB02 /* AssetBannerView.swift in Sources */,
				458AD45827E099A9002BFB02 /* AssetCardSectionView.swift in Sources */,
				458AD43727D1DDA1002BFB02 /* BannerCard.swift in Sources */,
				458AD42E27D1D22E002BFB02 /* AssetMenuButtonStyle.swift in Sources */,
			);
			runOnlyForDeploymentPostprocessing = 0;
		};
/* End PBXSourcesBuildPhase section */

/* Begin XCBuildConfiguration section */
		458AD42427CFE330002BFB02 /* Debug */ = {
			isa = XCBuildConfiguration;
			buildSettings = {
				ALWAYS_SEARCH_USER_PATHS = NO;
				CLANG_ANALYZER_NONNULL = YES;
				CLANG_ANALYZER_NUMBER_OBJECT_CONVERSION = YES_AGGRESSIVE;
				CLANG_CXX_LANGUAGE_STANDARD = "gnu++17";
				CLANG_CXX_LIBRARY = "libc++";
				CLANG_ENABLE_MODULES = YES;
				CLANG_ENABLE_OBJC_ARC = YES;
				CLANG_ENABLE_OBJC_WEAK = YES;
				CLANG_WARN_BLOCK_CAPTURE_AUTORELEASING = YES;
				CLANG_WARN_BOOL_CONVERSION = YES;
				CLANG_WARN_COMMA = YES;
				CLANG_WARN_CONSTANT_CONVERSION = YES;
				CLANG_WARN_DEPRECATED_OBJC_IMPLEMENTATIONS = YES;
				CLANG_WARN_DIRECT_OBJC_ISA_USAGE = YES_ERROR;
				CLANG_WARN_DOCUMENTATION_COMMENTS = YES;
				CLANG_WARN_EMPTY_BODY = YES;
				CLANG_WARN_ENUM_CONVERSION = YES;
				CLANG_WARN_INFINITE_RECURSION = YES;
				CLANG_WARN_INT_CONVERSION = YES;
				CLANG_WARN_NON_LITERAL_NULL_CONVERSION = YES;
				CLANG_WARN_OBJC_IMPLICIT_RETAIN_SELF = YES;
				CLANG_WARN_OBJC_LITERAL_CONVERSION = YES;
				CLANG_WARN_OBJC_ROOT_CLASS = YES_ERROR;
				CLANG_WARN_QUOTED_INCLUDE_IN_FRAMEWORK_HEADER = YES;
				CLANG_WARN_RANGE_LOOP_ANALYSIS = YES;
				CLANG_WARN_STRICT_PROTOTYPES = YES;
				CLANG_WARN_SUSPICIOUS_MOVE = YES;
				CLANG_WARN_UNGUARDED_AVAILABILITY = YES_AGGRESSIVE;
				CLANG_WARN_UNREACHABLE_CODE = YES;
				CLANG_WARN__DUPLICATE_METHOD_MATCH = YES;
				COPY_PHASE_STRIP = NO;
				DEBUG_INFORMATION_FORMAT = dwarf;
				ENABLE_STRICT_OBJC_MSGSEND = YES;
				ENABLE_TESTABILITY = YES;
				GCC_C_LANGUAGE_STANDARD = gnu11;
				GCC_DYNAMIC_NO_PIC = NO;
				GCC_NO_COMMON_BLOCKS = YES;
				GCC_OPTIMIZATION_LEVEL = 0;
				GCC_PREPROCESSOR_DEFINITIONS = (
					"DEBUG=1",
					"$(inherited)",
				);
				GCC_WARN_64_TO_32_BIT_CONVERSION = YES;
				GCC_WARN_ABOUT_RETURN_TYPE = YES_ERROR;
				GCC_WARN_UNDECLARED_SELECTOR = YES;
				GCC_WARN_UNINITIALIZED_AUTOS = YES_AGGRESSIVE;
				GCC_WARN_UNUSED_FUNCTION = YES;
				GCC_WARN_UNUSED_VARIABLE = YES;
				IPHONEOS_DEPLOYMENT_TARGET = 15.2;
				MTL_ENABLE_DEBUG_INFO = INCLUDE_SOURCE;
				MTL_FAST_MATH = YES;
				ONLY_ACTIVE_ARCH = YES;
				SDKROOT = iphoneos;
				SWIFT_ACTIVE_COMPILATION_CONDITIONS = DEBUG;
				SWIFT_OPTIMIZATION_LEVEL = "-Onone";
			};
			name = Debug;
		};
		458AD42527CFE330002BFB02 /* Release */ = {
			isa = XCBuildConfiguration;
			buildSettings = {
				ALWAYS_SEARCH_USER_PATHS = NO;
				CLANG_ANALYZER_NONNULL = YES;
				CLANG_ANALYZER_NUMBER_OBJECT_CONVERSION = YES_AGGRESSIVE;
				CLANG_CXX_LANGUAGE_STANDARD = "gnu++17";
				CLANG_CXX_LIBRARY = "libc++";
				CLANG_ENABLE_MODULES = YES;
				CLANG_ENABLE_OBJC_ARC = YES;
				CLANG_ENABLE_OBJC_WEAK = YES;
				CLANG_WARN_BLOCK_CAPTURE_AUTORELEASING = YES;
				CLANG_WARN_BOOL_CONVERSION = YES;
				CLANG_WARN_COMMA = YES;
				CLANG_WARN_CONSTANT_CONVERSION = YES;
				CLANG_WARN_DEPRECATED_OBJC_IMPLEMENTATIONS = YES;
				CLANG_WARN_DIRECT_OBJC_ISA_USAGE = YES_ERROR;
				CLANG_WARN_DOCUMENTATION_COMMENTS = YES;
				CLANG_WARN_EMPTY_BODY = YES;
				CLANG_WARN_ENUM_CONVERSION = YES;
				CLANG_WARN_INFINITE_RECURSION = YES;
				CLANG_WARN_INT_CONVERSION = YES;
				CLANG_WARN_NON_LITERAL_NULL_CONVERSION = YES;
				CLANG_WARN_OBJC_IMPLICIT_RETAIN_SELF = YES;
				CLANG_WARN_OBJC_LITERAL_CONVERSION = YES;
				CLANG_WARN_OBJC_ROOT_CLASS = YES_ERROR;
				CLANG_WARN_QUOTED_INCLUDE_IN_FRAMEWORK_HEADER = YES;
				CLANG_WARN_RANGE_LOOP_ANALYSIS = YES;
				CLANG_WARN_STRICT_PROTOTYPES = YES;
				CLANG_WARN_SUSPICIOUS_MOVE = YES;
				CLANG_WARN_UNGUARDED_AVAILABILITY = YES_AGGRESSIVE;
				CLANG_WARN_UNREACHABLE_CODE = YES;
				CLANG_WARN__DUPLICATE_METHOD_MATCH = YES;
				COPY_PHASE_STRIP = NO;
				DEBUG_INFORMATION_FORMAT = "dwarf-with-dsym";
				ENABLE_NS_ASSERTIONS = NO;
				ENABLE_STRICT_OBJC_MSGSEND = YES;
				GCC_C_LANGUAGE_STANDARD = gnu11;
				GCC_NO_COMMON_BLOCKS = YES;
				GCC_WARN_64_TO_32_BIT_CONVERSION = YES;
				GCC_WARN_ABOUT_RETURN_TYPE = YES_ERROR;
				GCC_WARN_UNDECLARED_SELECTOR = YES;
				GCC_WARN_UNINITIALIZED_AUTOS = YES_AGGRESSIVE;
				GCC_WARN_UNUSED_FUNCTION = YES;
				GCC_WARN_UNUSED_VARIABLE = YES;
				IPHONEOS_DEPLOYMENT_TARGET = 15.2;
				MTL_ENABLE_DEBUG_INFO = NO;
				MTL_FAST_MATH = YES;
				SDKROOT = iphoneos;
				SWIFT_COMPILATION_MODE = wholemodule;
				SWIFT_OPTIMIZATION_LEVEL = "-O";
				VALIDATE_PRODUCT = YES;
			};
			name = Release;
		};
		458AD42727CFE330002BFB02 /* Debug */ = {
			isa = XCBuildConfiguration;
			buildSettings = {
				ASSETCATALOG_COMPILER_APPICON_NAME = AppIcon;
				ASSETCATALOG_COMPILER_GLOBAL_ACCENT_COLOR_NAME = AccentColor;
				Appearance = Light;
				CODE_SIGN_STYLE = Automatic;
				CURRENT_PROJECT_VERSION = 1;
				DEVELOPMENT_ASSET_PATHS = "\"MyAssets/Preview Content\"";
				DEVELOPMENT_TEAM = R86M48N8C3;
				ENABLE_PREVIEWS = YES;
				GENERATE_INFOPLIST_FILE = YES;
				INFOPLIST_KEY_UIApplicationSceneManifest_Generation = YES;
				INFOPLIST_KEY_UIApplicationSupportsIndirectInputEvents = YES;
				INFOPLIST_KEY_UILaunchScreen_Generation = YES;
				INFOPLIST_KEY_UISupportedInterfaceOrientations_iPad = "UIInterfaceOrientationPortrait UIInterfaceOrientationPortraitUpsideDown UIInterfaceOrientationLandscapeLeft UIInterfaceOrientationLandscapeRight";
				INFOPLIST_KEY_UISupportedInterfaceOrientations_iPhone = "UIInterfaceOrientationPortrait UIInterfaceOrientationLandscapeLeft UIInterfaceOrientationLandscapeRight";
				LD_RUNPATH_SEARCH_PATHS = (
					"$(inherited)",
					"@executable_path/Frameworks",
				);
				MARKETING_VERSION = 1.0;
				PRODUCT_BUNDLE_IDENTIFIER = com.hs.MyAssets;
				PRODUCT_NAME = "$(TARGET_NAME)";
				SWIFT_EMIT_LOC_STRINGS = YES;
				SWIFT_VERSION = 5.0;
				TARGETED_DEVICE_FAMILY = "1,2";
			};
			name = Debug;
		};
		458AD42827CFE330002BFB02 /* Release */ = {
			isa = XCBuildConfiguration;
			buildSettings = {
				ASSETCATALOG_COMPILER_APPICON_NAME = AppIcon;
				ASSETCATALOG_COMPILER_GLOBAL_ACCENT_COLOR_NAME = AccentColor;
				Appearance = Light;
				CODE_SIGN_STYLE = Automatic;
				CURRENT_PROJECT_VERSION = 1;
				DEVELOPMENT_ASSET_PATHS = "\"MyAssets/Preview Content\"";
				DEVELOPMENT_TEAM = R86M48N8C3;
				ENABLE_PREVIEWS = YES;
				GENERATE_INFOPLIST_FILE = YES;
				INFOPLIST_KEY_UIApplicationSceneManifest_Generation = YES;
				INFOPLIST_KEY_UIApplicationSupportsIndirectInputEvents = YES;
				INFOPLIST_KEY_UILaunchScreen_Generation = YES;
				INFOPLIST_KEY_UISupportedInterfaceOrientations_iPad = "UIInterfaceOrientationPortrait UIInterfaceOrientationPortraitUpsideDown UIInterfaceOrientationLandscapeLeft UIInterfaceOrientationLandscapeRight";
				INFOPLIST_KEY_UISupportedInterfaceOrientations_iPhone = "UIInterfaceOrientationPortrait UIInterfaceOrientationLandscapeLeft UIInterfaceOrientationLandscapeRight";
				LD_RUNPATH_SEARCH_PATHS = (
					"$(inherited)",
					"@executable_path/Frameworks",
				);
				MARKETING_VERSION = 1.0;
				PRODUCT_BUNDLE_IDENTIFIER = com.hs.MyAssets;
				PRODUCT_NAME = "$(TARGET_NAME)";
				SWIFT_EMIT_LOC_STRINGS = YES;
				SWIFT_VERSION = 5.0;
				TARGETED_DEVICE_FAMILY = "1,2";
			};
			name = Release;
		};
/* End XCBuildConfiguration section */

/* Begin XCConfigurationList section */
		458AD41327CFE32E002BFB02 /* Build configuration list for PBXProject "MyAssets" */ = {
			isa = XCConfigurationList;
			buildConfigurations = (
				458AD42427CFE330002BFB02 /* Debug */,
				458AD42527CFE330002BFB02 /* Release */,
			);
			defaultConfigurationIsVisible = 0;
			defaultConfigurationName = Release;
		};
		458AD42627CFE330002BFB02 /* Build configuration list for PBXNativeTarget "MyAssets" */ = {
			isa = XCConfigurationList;
			buildConfigurations = (
				458AD42727CFE330002BFB02 /* Debug */,
				458AD42827CFE330002BFB02 /* Release */,
			);
			defaultConfigurationIsVisible = 0;
			defaultConfigurationName = Release;
		};
/* End XCConfigurationList section */
	};
	rootObject = 458AD41027CFE32E002BFB02 /* Project object */;
}
