// !$*UTF8*$!
{
	archiveVersion = 1;
	classes = {
	};
	objectVersion = 55;
	objects = {

/* Begin PBXBuildFile section */
		4509DF7D27E0A6FC003F7675 /* AppDelegate.swift in Sources */ = {isa = PBXBuildFile; fileRef = 4509DF7C27E0A6FC003F7675 /* AppDelegate.swift */; };
		4509DF7F27E0A6FC003F7675 /* SceneDelegate.swift in Sources */ = {isa = PBXBuildFile; fileRef = 4509DF7E27E0A6FC003F7675 /* SceneDelegate.swift */; };
		4509DF8127E0A6FC003F7675 /* TabBarController.swift in Sources */ = {isa = PBXBuildFile; fileRef = 4509DF8027E0A6FC003F7675 /* TabBarController.swift */; };
		4509DF8627E0A6FD003F7675 /* Assets.xcassets in Resources */ = {isa = PBXBuildFile; fileRef = 4509DF8527E0A6FD003F7675 /* Assets.xcassets */; };
		4509DF8927E0A6FD003F7675 /* LaunchScreen.storyboard in Resources */ = {isa = PBXBuildFile; fileRef = 4509DF8727E0A6FD003F7675 /* LaunchScreen.storyboard */; };
		4509DF9227E0A77F003F7675 /* Kingfisher in Frameworks */ = {isa = PBXBuildFile; productRef = 4509DF9127E0A77F003F7675 /* Kingfisher */; };
		4509DF9527E0A78F003F7675 /* SnapKit in Frameworks */ = {isa = PBXBuildFile; productRef = 4509DF9427E0A78F003F7675 /* SnapKit */; };
		4509DF9B27E0B6AF003F7675 /* TodayViewController.swift in Sources */ = {isa = PBXBuildFile; fileRef = 4509DF9A27E0B6AF003F7675 /* TodayViewController.swift */; };
		4583A0C127E1F49E00D54FE3 /* TodayCollectionViewCell.swift in Sources */ = {isa = PBXBuildFile; fileRef = 4583A0C027E1F49E00D54FE3 /* TodayCollectionViewCell.swift */; };
		4583A0C327E1F69400D54FE3 /* myTodayCollectionViewCell.swift in Sources */ = {isa = PBXBuildFile; fileRef = 4583A0C227E1F69400D54FE3 /* myTodayCollectionViewCell.swift */; };
		4583A0C527E203C700D54FE3 /* TodayCollectionHeaderView.swift in Sources */ = {isa = PBXBuildFile; fileRef = 4583A0C427E203C700D54FE3 /* TodayCollectionHeaderView.swift */; };
		4583A0C827E4A9DF00D54FE3 /* AppViewController.swift in Sources */ = {isa = PBXBuildFile; fileRef = 4583A0C727E4A9DF00D54FE3 /* AppViewController.swift */; };
		4583A0CA27E7032600D54FE3 /* FeatureSectionView.swift in Sources */ = {isa = PBXBuildFile; fileRef = 4583A0C927E7032600D54FE3 /* FeatureSectionView.swift */; };
		4583A0CC27E70C5F00D54FE3 /* FeatureSectionViewCell.swift in Sources */ = {isa = PBXBuildFile; fileRef = 4583A0CB27E70C5F00D54FE3 /* FeatureSectionViewCell.swift */; };
		4583A0CF27E70F9100D54FE3 /* Then in Frameworks */ = {isa = PBXBuildFile; productRef = 4583A0CE27E70F9100D54FE3 /* Then */; };
		4583A0D127E7159800D54FE3 /* SeperatorView.swift in Sources */ = {isa = PBXBuildFile; fileRef = 4583A0D027E7159800D54FE3 /* SeperatorView.swift */; };
		4583A0D327E7182200D54FE3 /* RankingFeatureSectionView.swift in Sources */ = {isa = PBXBuildFile; fileRef = 4583A0D227E7182200D54FE3 /* RankingFeatureSectionView.swift */; };
		4583A0D527E71EB600D54FE3 /* RankingFeatureSectionViewCell.swift in Sources */ = {isa = PBXBuildFile; fileRef = 4583A0D427E71EB600D54FE3 /* RankingFeatureSectionViewCell.swift */; };
		4583A0D727E730AF00D54FE3 /* ExchangeCodeButtonView.swift in Sources */ = {isa = PBXBuildFile; fileRef = 4583A0D627E730AF00D54FE3 /* ExchangeCodeButtonView.swift */; };
		4583A0D927E79ACF00D54FE3 /* AppDetailViewController.swift in Sources */ = {isa = PBXBuildFile; fileRef = 4583A0D827E79ACF00D54FE3 /* AppDetailViewController.swift */; };
/* End PBXBuildFile section */

/* Begin PBXFileReference section */
		4509DF7927E0A6FC003F7675 /* MyAppstore.app */ = {isa = PBXFileReference; explicitFileType = wrapper.application; includeInIndex = 0; path = MyAppstore.app; sourceTree = BUILT_PRODUCTS_DIR; };
		4509DF7C27E0A6FC003F7675 /* AppDelegate.swift */ = {isa = PBXFileReference; lastKnownFileType = sourcecode.swift; path = AppDelegate.swift; sourceTree = "<group>"; };
		4509DF7E27E0A6FC003F7675 /* SceneDelegate.swift */ = {isa = PBXFileReference; lastKnownFileType = sourcecode.swift; path = SceneDelegate.swift; sourceTree = "<group>"; };
		4509DF8027E0A6FC003F7675 /* TabBarController.swift */ = {isa = PBXFileReference; lastKnownFileType = sourcecode.swift; path = TabBarController.swift; sourceTree = "<group>"; };
		4509DF8527E0A6FD003F7675 /* Assets.xcassets */ = {isa = PBXFileReference; lastKnownFileType = folder.assetcatalog; path = Assets.xcassets; sourceTree = "<group>"; };
		4509DF8827E0A6FD003F7675 /* Base */ = {isa = PBXFileReference; lastKnownFileType = file.storyboard; name = Base; path = Base.lproj/LaunchScreen.storyboard; sourceTree = "<group>"; };
		4509DF8A27E0A6FD003F7675 /* Info.plist */ = {isa = PBXFileReference; lastKnownFileType = text.plist.xml; path = Info.plist; sourceTree = "<group>"; };
		4509DF9A27E0B6AF003F7675 /* TodayViewController.swift */ = {isa = PBXFileReference; lastKnownFileType = sourcecode.swift; path = TodayViewController.swift; sourceTree = "<group>"; };
		4583A0C027E1F49E00D54FE3 /* TodayCollectionViewCell.swift */ = {isa = PBXFileReference; lastKnownFileType = sourcecode.swift; path = TodayCollectionViewCell.swift; sourceTree = "<group>"; };
		4583A0C227E1F69400D54FE3 /* myTodayCollectionViewCell.swift */ = {isa = PBXFileReference; lastKnownFileType = sourcecode.swift; path = myTodayCollectionViewCell.swift; sourceTree = "<group>"; };
		4583A0C427E203C700D54FE3 /* TodayCollectionHeaderView.swift */ = {isa = PBXFileReference; lastKnownFileType = sourcecode.swift; path = TodayCollectionHeaderView.swift; sourceTree = "<group>"; };
		4583A0C727E4A9DF00D54FE3 /* AppViewController.swift */ = {isa = PBXFileReference; lastKnownFileType = sourcecode.swift; path = AppViewController.swift; sourceTree = "<group>"; };
		4583A0C927E7032600D54FE3 /* FeatureSectionView.swift */ = {isa = PBXFileReference; lastKnownFileType = sourcecode.swift; path = FeatureSectionView.swift; sourceTree = "<group>"; };
		4583A0CB27E70C5F00D54FE3 /* FeatureSectionViewCell.swift */ = {isa = PBXFileReference; lastKnownFileType = sourcecode.swift; path = FeatureSectionViewCell.swift; sourceTree = "<group>"; };
		4583A0D027E7159800D54FE3 /* SeperatorView.swift */ = {isa = PBXFileReference; lastKnownFileType = sourcecode.swift; path = SeperatorView.swift; sourceTree = "<group>"; };
		4583A0D227E7182200D54FE3 /* RankingFeatureSectionView.swift */ = {isa = PBXFileReference; lastKnownFileType = sourcecode.swift; path = RankingFeatureSectionView.swift; sourceTree = "<group>"; };
		4583A0D427E71EB600D54FE3 /* RankingFeatureSectionViewCell.swift */ = {isa = PBXFileReference; lastKnownFileType = sourcecode.swift; path = RankingFeatureSectionViewCell.swift; sourceTree = "<group>"; };
		4583A0D627E730AF00D54FE3 /* ExchangeCodeButtonView.swift */ = {isa = PBXFileReference; lastKnownFileType = sourcecode.swift; path = ExchangeCodeButtonView.swift; sourceTree = "<group>"; };
		4583A0D827E79ACF00D54FE3 /* AppDetailViewController.swift */ = {isa = PBXFileReference; lastKnownFileType = sourcecode.swift; path = AppDetailViewController.swift; sourceTree = "<group>"; };
/* End PBXFileReference section */

/* Begin PBXFrameworksBuildPhase section */
		4509DF7627E0A6FC003F7675 /* Frameworks */ = {
			isa = PBXFrameworksBuildPhase;
			buildActionMask = 2147483647;
			files = (
				4509DF9227E0A77F003F7675 /* Kingfisher in Frameworks */,
				4583A0CF27E70F9100D54FE3 /* Then in Frameworks */,
				4509DF9527E0A78F003F7675 /* SnapKit in Frameworks */,
			);
			runOnlyForDeploymentPostprocessing = 0;
		};
/* End PBXFrameworksBuildPhase section */

/* Begin PBXGroup section */
		4509DF7027E0A6FC003F7675 = {
			isa = PBXGroup;
			children = (
				4509DF7B27E0A6FC003F7675 /* MyAppstore */,
				4509DF7A27E0A6FC003F7675 /* Products */,
			);
			sourceTree = "<group>";
		};
		4509DF7A27E0A6FC003F7675 /* Products */ = {
			isa = PBXGroup;
			children = (
				4509DF7927E0A6FC003F7675 /* MyAppstore.app */,
			);
			name = Products;
			sourceTree = "<group>";
		};
		4509DF7B27E0A6FC003F7675 /* MyAppstore */ = {
			isa = PBXGroup;
			children = (
				4509DF9827E0B68A003F7675 /* Scenes */,
				4509DF7C27E0A6FC003F7675 /* AppDelegate.swift */,
				4509DF7E27E0A6FC003F7675 /* SceneDelegate.swift */,
				4509DF8527E0A6FD003F7675 /* Assets.xcassets */,
				4509DF8727E0A6FD003F7675 /* LaunchScreen.storyboard */,
				4509DF8A27E0A6FD003F7675 /* Info.plist */,
			);
			path = MyAppstore;
			sourceTree = "<group>";
		};
		4509DF9827E0B68A003F7675 /* Scenes */ = {
			isa = PBXGroup;
			children = (
				4509DF8027E0A6FC003F7675 /* TabBarController.swift */,
				4583A0D827E79ACF00D54FE3 /* AppDetailViewController.swift */,
				4583A0C627E4A9CD00D54FE3 /* App */,
				4509DF9927E0B69F003F7675 /* Today */,
			);
			path = Scenes;
			sourceTree = "<group>";
		};
		4509DF9927E0B69F003F7675 /* Today */ = {
			isa = PBXGroup;
			children = (
				4509DF9A27E0B6AF003F7675 /* TodayViewController.swift */,
				4583A0C027E1F49E00D54FE3 /* TodayCollectionViewCell.swift */,
				4583A0C227E1F69400D54FE3 /* myTodayCollectionViewCell.swift */,
				4583A0C427E203C700D54FE3 /* TodayCollectionHeaderView.swift */,
			);
			path = Today;
			sourceTree = "<group>";
		};
		4583A0C627E4A9CD00D54FE3 /* App */ = {
			isa = PBXGroup;
			children = (
				4583A0C727E4A9DF00D54FE3 /* AppViewController.swift */,
				4583A0C927E7032600D54FE3 /* FeatureSectionView.swift */,
				4583A0CB27E70C5F00D54FE3 /* FeatureSectionViewCell.swift */,
				4583A0D027E7159800D54FE3 /* SeperatorView.swift */,
				4583A0D227E7182200D54FE3 /* RankingFeatureSectionView.swift */,
				4583A0D427E71EB600D54FE3 /* RankingFeatureSectionViewCell.swift */,
				4583A0D627E730AF00D54FE3 /* ExchangeCodeButtonView.swift */,
			);
			path = App;
			sourceTree = "<group>";
		};
/* End PBXGroup section */

/* Begin PBXNativeTarget section */
		4509DF7827E0A6FC003F7675 /* MyAppstore */ = {
			isa = PBXNativeTarget;
			buildConfigurationList = 4509DF8D27E0A6FD003F7675 /* Build configuration list for PBXNativeTarget "MyAppstore" */;
			buildPhases = (
				4509DF7527E0A6FC003F7675 /* Sources */,
				4509DF7627E0A6FC003F7675 /* Frameworks */,
				4509DF7727E0A6FC003F7675 /* Resources */,
			);
			buildRules = (
			);
			dependencies = (
			);
			name = MyAppstore;
			packageProductDependencies = (
				4509DF9127E0A77F003F7675 /* Kingfisher */,
				4509DF9427E0A78F003F7675 /* SnapKit */,
				4583A0CE27E70F9100D54FE3 /* Then */,
			);
			productName = MyAppstore;
			productReference = 4509DF7927E0A6FC003F7675 /* MyAppstore.app */;
			productType = "com.apple.product-type.application";
		};
/* End PBXNativeTarget section */

/* Begin PBXProject section */
		4509DF7127E0A6FC003F7675 /* Project object */ = {
			isa = PBXProject;
			attributes = {
				BuildIndependentTargetsInParallel = 1;
				LastSwiftUpdateCheck = 1320;
				LastUpgradeCheck = 1320;
				TargetAttributes = {
					4509DF7827E0A6FC003F7675 = {
						CreatedOnToolsVersion = 13.2.1;
					};
				};
			};
			buildConfigurationList = 4509DF7427E0A6FC003F7675 /* Build configuration list for PBXProject "MyAppstore" */;
			compatibilityVersion = "Xcode 13.0";
			developmentRegion = en;
			hasScannedForEncodings = 0;
			knownRegions = (
				en,
				Base,
			);
			mainGroup = 4509DF7027E0A6FC003F7675;
			packageReferences = (
				4509DF9027E0A77F003F7675 /* XCRemoteSwiftPackageReference "Kingfisher" */,
				4509DF9327E0A78F003F7675 /* XCRemoteSwiftPackageReference "SnapKit" */,
				4583A0CD27E70F9100D54FE3 /* XCRemoteSwiftPackageReference "Then" */,
			);
			productRefGroup = 4509DF7A27E0A6FC003F7675 /* Products */;
			projectDirPath = "";
			projectRoot = "";
			targets = (
				4509DF7827E0A6FC003F7675 /* MyAppstore */,
			);
		};
/* End PBXProject section */

/* Begin PBXResourcesBuildPhase section */
		4509DF7727E0A6FC003F7675 /* Resources */ = {
			isa = PBXResourcesBuildPhase;
			buildActionMask = 2147483647;
			files = (
				4509DF8927E0A6FD003F7675 /* LaunchScreen.storyboard in Resources */,
				4509DF8627E0A6FD003F7675 /* Assets.xcassets in Resources */,
			);
			runOnlyForDeploymentPostprocessing = 0;
		};
/* End PBXResourcesBuildPhase section */

/* Begin PBXSourcesBuildPhase section */
		4509DF7527E0A6FC003F7675 /* Sources */ = {
			isa = PBXSourcesBuildPhase;
			buildActionMask = 2147483647;
			files = (
				4583A0D527E71EB600D54FE3 /* RankingFeatureSectionViewCell.swift in Sources */,
				4583A0D327E7182200D54FE3 /* RankingFeatureSectionView.swift in Sources */,
				4583A0C327E1F69400D54FE3 /* myTodayCollectionViewCell.swift in Sources */,
				4509DF9B27E0B6AF003F7675 /* TodayViewController.swift in Sources */,
				4583A0CA27E7032600D54FE3 /* FeatureSectionView.swift in Sources */,
				4583A0C827E4A9DF00D54FE3 /* AppViewController.swift in Sources */,
				4583A0D927E79ACF00D54FE3 /* AppDetailViewController.swift in Sources */,
				4509DF8127E0A6FC003F7675 /* TabBarController.swift in Sources */,
				4509DF7D27E0A6FC003F7675 /* AppDelegate.swift in Sources */,
				4583A0D727E730AF00D54FE3 /* ExchangeCodeButtonView.swift in Sources */,
				4509DF7F27E0A6FC003F7675 /* SceneDelegate.swift in Sources */,
				4583A0C527E203C700D54FE3 /* TodayCollectionHeaderView.swift in Sources */,
				4583A0D127E7159800D54FE3 /* SeperatorView.swift in Sources */,
				4583A0C127E1F49E00D54FE3 /* TodayCollectionViewCell.swift in Sources */,
				4583A0CC27E70C5F00D54FE3 /* FeatureSectionViewCell.swift in Sources */,
			);
			runOnlyForDeploymentPostprocessing = 0;
		};
/* End PBXSourcesBuildPhase section */

/* Begin PBXVariantGroup section */
		4509DF8727E0A6FD003F7675 /* LaunchScreen.storyboard */ = {
			isa = PBXVariantGroup;
			children = (
				4509DF8827E0A6FD003F7675 /* Base */,
			);
			name = LaunchScreen.storyboard;
			sourceTree = "<group>";
		};
/* End PBXVariantGroup section */

/* Begin XCBuildConfiguration section */
		4509DF8B27E0A6FD003F7675 /* Debug */ = {
			isa = XCBuildConfiguration;
			buildSettings = {
				ALWAYS_SEARCH_USER_PATHS = NO;
				CLANG_ANALYZER_NONNULL = YES;
				CLANG_ANALYZER_NUMBER_OBJECT_CONVERSION = YES_AGGRESSIVE;
				CLANG_CXX_LANGUAGE_STANDARD = "gnu++17";
				CLANG_CXX_LIBRARY = "libc++";
				CLANG_ENABLE_MODULES = YES;
				CLANG_ENABLE_OBJC_ARC = YES;
				CLANG_ENABLE_OBJC_WEAK = YES;
				CLANG_WARN_BLOCK_CAPTURE_AUTORELEASING = YES;
				CLANG_WARN_BOOL_CONVERSION = YES;
				CLANG_WARN_COMMA = YES;
				CLANG_WARN_CONSTANT_CONVERSION = YES;
				CLANG_WARN_DEPRECATED_OBJC_IMPLEMENTATIONS = YES;
				CLANG_WARN_DIRECT_OBJC_ISA_USAGE = YES_ERROR;
				CLANG_WARN_DOCUMENTATION_COMMENTS = YES;
				CLANG_WARN_EMPTY_BODY = YES;
				CLANG_WARN_ENUM_CONVERSION = YES;
				CLANG_WARN_INFINITE_RECURSION = YES;
				CLANG_WARN_INT_CONVERSION = YES;
				CLANG_WARN_NON_LITERAL_NULL_CONVERSION = YES;
				CLANG_WARN_OBJC_IMPLICIT_RETAIN_SELF = YES;
				CLANG_WARN_OBJC_LITERAL_CONVERSION = YES;
				CLANG_WARN_OBJC_ROOT_CLASS = YES_ERROR;
				CLANG_WARN_QUOTED_INCLUDE_IN_FRAMEWORK_HEADER = YES;
				CLANG_WARN_RANGE_LOOP_ANALYSIS = YES;
				CLANG_WARN_STRICT_PROTOTYPES = YES;
				CLANG_WARN_SUSPICIOUS_MOVE = YES;
				CLANG_WARN_UNGUARDED_AVAILABILITY = YES_AGGRESSIVE;
				CLANG_WARN_UNREACHABLE_CODE = YES;
				CLANG_WARN__DUPLICATE_METHOD_MATCH = YES;
				COPY_PHASE_STRIP = NO;
				DEBUG_INFORMATION_FORMAT = dwarf;
				ENABLE_STRICT_OBJC_MSGSEND = YES;
				ENABLE_TESTABILITY = YES;
				GCC_C_LANGUAGE_STANDARD = gnu11;
				GCC_DYNAMIC_NO_PIC = NO;
				GCC_NO_COMMON_BLOCKS = YES;
				GCC_OPTIMIZATION_LEVEL = 0;
				GCC_PREPROCESSOR_DEFINITIONS = (
					"DEBUG=1",
					"$(inherited)",
				);
				GCC_WARN_64_TO_32_BIT_CONVERSION = YES;
				GCC_WARN_ABOUT_RETURN_TYPE = YES_ERROR;
				GCC_WARN_UNDECLARED_SELECTOR = YES;
				GCC_WARN_UNINITIALIZED_AUTOS = YES_AGGRESSIVE;
				GCC_WARN_UNUSED_FUNCTION = YES;
				GCC_WARN_UNUSED_VARIABLE = YES;
				IPHONEOS_DEPLOYMENT_TARGET = 15.2;
				MTL_ENABLE_DEBUG_INFO = INCLUDE_SOURCE;
				MTL_FAST_MATH = YES;
				ONLY_ACTIVE_ARCH = YES;
				SDKROOT = iphoneos;
				SWIFT_ACTIVE_COMPILATION_CONDITIONS = DEBUG;
				SWIFT_OPTIMIZATION_LEVEL = "-Onone";
			};
			name = Debug;
		};
		4509DF8C27E0A6FD003F7675 /* Release */ = {
			isa = XCBuildConfiguration;
			buildSettings = {
				ALWAYS_SEARCH_USER_PATHS = NO;
				CLANG_ANALYZER_NONNULL = YES;
				CLANG_ANALYZER_NUMBER_OBJECT_CONVERSION = YES_AGGRESSIVE;
				CLANG_CXX_LANGUAGE_STANDARD = "gnu++17";
				CLANG_CXX_LIBRARY = "libc++";
				CLANG_ENABLE_MODULES = YES;
				CLANG_ENABLE_OBJC_ARC = YES;
				CLANG_ENABLE_OBJC_WEAK = YES;
				CLANG_WARN_BLOCK_CAPTURE_AUTORELEASING = YES;
				CLANG_WARN_BOOL_CONVERSION = YES;
				CLANG_WARN_COMMA = YES;
				CLANG_WARN_CONSTANT_CONVERSION = YES;
				CLANG_WARN_DEPRECATED_OBJC_IMPLEMENTATIONS = YES;
				CLANG_WARN_DIRECT_OBJC_ISA_USAGE = YES_ERROR;
				CLANG_WARN_DOCUMENTATION_COMMENTS = YES;
				CLANG_WARN_EMPTY_BODY = YES;
				CLANG_WARN_ENUM_CONVERSION = YES;
				CLANG_WARN_INFINITE_RECURSION = YES;
				CLANG_WARN_INT_CONVERSION = YES;
				CLANG_WARN_NON_LITERAL_NULL_CONVERSION = YES;
				CLANG_WARN_OBJC_IMPLICIT_RETAIN_SELF = YES;
				CLANG_WARN_OBJC_LITERAL_CONVERSION = YES;
				CLANG_WARN_OBJC_ROOT_CLASS = YES_ERROR;
				CLANG_WARN_QUOTED_INCLUDE_IN_FRAMEWORK_HEADER = YES;
				CLANG_WARN_RANGE_LOOP_ANALYSIS = YES;
				CLANG_WARN_STRICT_PROTOTYPES = YES;
				CLANG_WARN_SUSPICIOUS_MOVE = YES;
				CLANG_WARN_UNGUARDED_AVAILABILITY = YES_AGGRESSIVE;
				CLANG_WARN_UNREACHABLE_CODE = YES;
				CLANG_WARN__DUPLICATE_METHOD_MATCH = YES;
				COPY_PHASE_STRIP = NO;
				DEBUG_INFORMATION_FORMAT = "dwarf-with-dsym";
				ENABLE_NS_ASSERTIONS = NO;
				ENABLE_STRICT_OBJC_MSGSEND = YES;
				GCC_C_LANGUAGE_STANDARD = gnu11;
				GCC_NO_COMMON_BLOCKS = YES;
				GCC_WARN_64_TO_32_BIT_CONVERSION = YES;
				GCC_WARN_ABOUT_RETURN_TYPE = YES_ERROR;
				GCC_WARN_UNDECLARED_SELECTOR = YES;
				GCC_WARN_UNINITIALIZED_AUTOS = YES_AGGRESSIVE;
				GCC_WARN_UNUSED_FUNCTION = YES;
				GCC_WARN_UNUSED_VARIABLE = YES;
				IPHONEOS_DEPLOYMENT_TARGET = 15.2;
				MTL_ENABLE_DEBUG_INFO = NO;
				MTL_FAST_MATH = YES;
				SDKROOT = iphoneos;
				SWIFT_COMPILATION_MODE = wholemodule;
				SWIFT_OPTIMIZATION_LEVEL = "-O";
				VALIDATE_PRODUCT = YES;
			};
			name = Release;
		};
		4509DF8E27E0A6FD003F7675 /* Debug */ = {
			isa = XCBuildConfiguration;
			buildSettings = {
				ASSETCATALOG_COMPILER_APPICON_NAME = AppIcon;
				ASSETCATALOG_COMPILER_GLOBAL_ACCENT_COLOR_NAME = AccentColor;
				CODE_SIGN_STYLE = Automatic;
				CURRENT_PROJECT_VERSION = 1;
				DEVELOPMENT_TEAM = R86M48N8C3;
				GENERATE_INFOPLIST_FILE = YES;
				INFOPLIST_FILE = MyAppstore/Info.plist;
				INFOPLIST_KEY_UIApplicationSupportsIndirectInputEvents = YES;
				INFOPLIST_KEY_UILaunchStoryboardName = LaunchScreen;
				INFOPLIST_KEY_UISupportedInterfaceOrientations_iPad = "UIInterfaceOrientationPortrait UIInterfaceOrientationPortraitUpsideDown UIInterfaceOrientationLandscapeLeft UIInterfaceOrientationLandscapeRight";
				INFOPLIST_KEY_UISupportedInterfaceOrientations_iPhone = "UIInterfaceOrientationPortrait UIInterfaceOrientationLandscapeLeft UIInterfaceOrientationLandscapeRight";
				LD_RUNPATH_SEARCH_PATHS = (
					"$(inherited)",
					"@executable_path/Frameworks",
				);
				MARKETING_VERSION = 1.0;
				PRODUCT_BUNDLE_IDENTIFIER = com.hs.MyAppstore;
				PRODUCT_NAME = "$(TARGET_NAME)";
				SWIFT_EMIT_LOC_STRINGS = YES;
				SWIFT_VERSION = 5.0;
				TARGETED_DEVICE_FAMILY = 1;
			};
			name = Debug;
		};
		4509DF8F27E0A6FD003F7675 /* Release */ = {
			isa = XCBuildConfiguration;
			buildSettings = {
				ASSETCATALOG_COMPILER_APPICON_NAME = AppIcon;
				ASSETCATALOG_COMPILER_GLOBAL_ACCENT_COLOR_NAME = AccentColor;
				CODE_SIGN_STYLE = Automatic;
				CURRENT_PROJECT_VERSION = 1;
				DEVELOPMENT_TEAM = R86M48N8C3;
				GENERATE_INFOPLIST_FILE = YES;
				INFOPLIST_FILE = MyAppstore/Info.plist;
				INFOPLIST_KEY_UIApplicationSupportsIndirectInputEvents = YES;
				INFOPLIST_KEY_UILaunchStoryboardName = LaunchScreen;
				INFOPLIST_KEY_UISupportedInterfaceOrientations_iPad = "UIInterfaceOrientationPortrait UIInterfaceOrientationPortraitUpsideDown UIInterfaceOrientationLandscapeLeft UIInterfaceOrientationLandscapeRight";
				INFOPLIST_KEY_UISupportedInterfaceOrientations_iPhone = "UIInterfaceOrientationPortrait UIInterfaceOrientationLandscapeLeft UIInterfaceOrientationLandscapeRight";
				LD_RUNPATH_SEARCH_PATHS = (
					"$(inherited)",
					"@executable_path/Frameworks",
				);
				MARKETING_VERSION = 1.0;
				PRODUCT_BUNDLE_IDENTIFIER = com.hs.MyAppstore;
				PRODUCT_NAME = "$(TARGET_NAME)";
				SWIFT_EMIT_LOC_STRINGS = YES;
				SWIFT_VERSION = 5.0;
				TARGETED_DEVICE_FAMILY = 1;
			};
			name = Release;
		};
/* End XCBuildConfiguration section */

/* Begin XCConfigurationList section */
		4509DF7427E0A6FC003F7675 /* Build configuration list for PBXProject "MyAppstore" */ = {
			isa = XCConfigurationList;
			buildConfigurations = (
				4509DF8B27E0A6FD003F7675 /* Debug */,
				4509DF8C27E0A6FD003F7675 /* Release */,
			);
			defaultConfigurationIsVisible = 0;
			defaultConfigurationName = Release;
		};
		4509DF8D27E0A6FD003F7675 /* Build configuration list for PBXNativeTarget "MyAppstore" */ = {
			isa = XCConfigurationList;
			buildConfigurations = (
				4509DF8E27E0A6FD003F7675 /* Debug */,
				4509DF8F27E0A6FD003F7675 /* Release */,
			);
			defaultConfigurationIsVisible = 0;
			defaultConfigurationName = Release;
		};
/* End XCConfigurationList section */

/* Begin XCRemoteSwiftPackageReference section */
		4509DF9027E0A77F003F7675 /* XCRemoteSwiftPackageReference "Kingfisher" */ = {
			isa = XCRemoteSwiftPackageReference;
			repositoryURL = "https://github.com/onevcat/Kingfisher.git";
			requirement = {
				branch = master;
				kind = branch;
			};
		};
		4509DF9327E0A78F003F7675 /* XCRemoteSwiftPackageReference "SnapKit" */ = {
			isa = XCRemoteSwiftPackageReference;
			repositoryURL = "https://github.com/SnapKit/SnapKit.git";
			requirement = {
				branch = develop;
				kind = branch;
			};
		};
		4583A0CD27E70F9100D54FE3 /* XCRemoteSwiftPackageReference "Then" */ = {
			isa = XCRemoteSwiftPackageReference;
			repositoryURL = "https://github.com/devxoul/Then";
			requirement = {
				kind = upToNextMajorVersion;
				minimumVersion = 2.0.0;
			};
		};
/* End XCRemoteSwiftPackageReference section */

/* Begin XCSwiftPackageProductDependency section */
		4509DF9127E0A77F003F7675 /* Kingfisher */ = {
			isa = XCSwiftPackageProductDependency;
			package = 4509DF9027E0A77F003F7675 /* XCRemoteSwiftPackageReference "Kingfisher" */;
			productName = Kingfisher;
		};
		4509DF9427E0A78F003F7675 /* SnapKit */ = {
			isa = XCSwiftPackageProductDependency;
			package = 4509DF9327E0A78F003F7675 /* XCRemoteSwiftPackageReference "SnapKit" */;
			productName = SnapKit;
		};
		4583A0CE27E70F9100D54FE3 /* Then */ = {
			isa = XCSwiftPackageProductDependency;
			package = 4583A0CD27E70F9100D54FE3 /* XCRemoteSwiftPackageReference "Then" */;
			productName = Then;
		};
/* End XCSwiftPackageProductDependency section */
	};
	rootObject = 4509DF7127E0A6FC003F7675 /* Project object */;
}
